
Microsoft Visual Studio Solution File, Format Version 12.00
# Visual Studio Version 16
VisualStudioVersion = 16.0.30114.105
MinimumVisualStudioVersion = 10.0.40219.1
Project("{FAE04EC0-301F-11D3-BF4B-00C04F79EFBC}") = "HttpWebapi", "HttpWebapi\HttpWebapi.csproj", "{EB90C098-0C0E-44DB-AA92-D92A6EA1ABBE}"
EndProject
Global
	GlobalSection(SolutionConfigurationPlatforms) = preSolution
		Debug|Any CPU = Debug|Any CPU
		Debug|x64 = Debug|x64
		Debug|x86 = Debug|x86
		Release|Any CPU = Release|Any CPU
		Release|x64 = Release|x64
		Release|x86 = Release|x86
	EndGlobalSection
	GlobalSection(SolutionProperties) = preSolution
		HideSolutionNode = FALSE
	EndGlobalSection
	GlobalSection(ProjectConfigurationPlatforms) = postSolution
		{EB90C098-0C0E-44DB-AA92-D92A6EA1ABBE}.Debug|Any CPU.ActiveCfg = Debug|Any CPU
		{EB90C098-0C0E-44DB-AA92-D92A6EA1ABBE}.Debug|Any CPU.Build.0 = Debug|Any CPU
		{EB90C098-0C0E-44DB-AA92-D92A6EA1ABBE}.Debug|x64.ActiveCfg = Debug|Any CPU
		{EB90C098-0C0E-44DB-AA92-D92A6EA1ABBE}.Debug|x64.Build.0 = Debug|Any CPU
		{EB90C098-0C0E-44DB-AA92-D92A6EA1ABBE}.Debug|x86.ActiveCfg = Debug|Any CPU
		{EB90C098-0C0E-44DB-AA92-D92A6EA1ABBE}.Debug|x86.Build.0 = Debug|Any CPU
		{EB90C098-0C0E-44DB-AA92-D92A6EA1ABBE}.Release|Any CPU.ActiveCfg = Release|Any CPU
		{EB90C098-0C0E-44DB-AA92-D92A6EA1ABBE}.Release|Any CPU.Build.0 = Release|Any CPU
		{EB90C098-0C0E-44DB-AA92-D92A6EA1ABBE}.Release|x64.ActiveCfg = Release|Any CPU
		{EB90C098-0C0E-44DB-AA92-D92A6EA1ABBE}.Release|x64.Build.0 = Release|Any CPU
		{EB90C098-0C0E-44DB-AA92-D92A6EA1ABBE}.Release|x86.ActiveCfg = Release|Any CPU
		{EB90C098-0C0E-44DB-AA92-D92A6EA1ABBE}.Release|x86.Build.0 = Release|Any CPU
	EndGlobalSection
EndGlobal
