
Microsoft Visual Studio Solution File, Format Version 12.00
# Visual Studio Version 16
VisualStudioVersion = 16.0.30114.105
MinimumVisualStudioVersion = 10.0.40219.1
Project("{FAE04EC0-301F-11D3-BF4B-00C04F79EFBC}") = "odev3.API", "odev3.API\odev3.API.csproj", "{EFBE2B18-F231-442D-98D9-D9E6A265762C}"
EndProject
Project("{FAE04EC0-301F-11D3-BF4B-00C04F79EFBC}") = "odev3.DB", "odev3.DB\odev3.DB.csproj", "{BACCCE04-EC64-434B-82E0-7E29E0DC3FF6}"
EndProject
Project("{FAE04EC0-301F-11D3-BF4B-00C04F79EFBC}") = "odev3.Models", "odev3.Models\odev3.Models.csproj", "{914DD899-B9D1-484F-96FB-FCA389A0AC8C}"
EndProject
Project("{FAE04EC0-301F-11D3-BF4B-00C04F79EFBC}") = "odev3.Service", "odev3.Service\odev3.Service.csproj", "{0E67D4D4-9F06-46F2-9CAB-034411C8D394}"
EndProject

Global
	GlobalSection(SolutionConfigurationPlatforms) = preSolution
		Debug|Any CPU = Debug|Any CPU
		Debug|x64 = Debug|x64
		Debug|x86 = Debug|x86
		Release|Any CPU = Release|Any CPU
		Release|x64 = Release|x64
		Release|x86 = Release|x86
	EndGlobalSection
	GlobalSection(SolutionProperties) = preSolution
		HideSolutionNode = FALSE
	EndGlobalSection
	GlobalSection(ProjectConfigurationPlatforms) = postSolution
		{EFBE2B18-F231-442D-98D9-D9E6A265762C}.Debug|Any CPU.ActiveCfg = Debug|Any CPU
		{EFBE2B18-F231-442D-98D9-D9E6A265762C}.Debug|Any CPU.Build.0 = Debug|Any CPU
		{EFBE2B18-F231-442D-98D9-D9E6A265762C}.Debug|x64.ActiveCfg = Debug|Any CPU
		{EFBE2B18-F231-442D-98D9-D9E6A265762C}.Debug|x64.Build.0 = Debug|Any CPU
		{EFBE2B18-F231-442D-98D9-D9E6A265762C}.Debug|x86.ActiveCfg = Debug|Any CPU
		{EFBE2B18-F231-442D-98D9-D9E6A265762C}.Debug|x86.Build.0 = Debug|Any CPU
		{EFBE2B18-F231-442D-98D9-D9E6A265762C}.Release|Any CPU.ActiveCfg = Release|Any CPU
		{EFBE2B18-F231-442D-98D9-D9E6A265762C}.Release|Any CPU.Build.0 = Release|Any CPU
		{EFBE2B18-F231-442D-98D9-D9E6A265762C}.Release|x64.ActiveCfg = Release|Any CPU
		{EFBE2B18-F231-442D-98D9-D9E6A265762C}.Release|x64.Build.0 = Release|Any CPU
		{EFBE2B18-F231-442D-98D9-D9E6A265762C}.Release|x86.ActiveCfg = Release|Any CPU
		{EFBE2B18-F231-442D-98D9-D9E6A265762C}.Release|x86.Build.0 = Release|Any CPU
		{BACCCE04-EC64-434B-82E0-7E29E0DC3FF6}.Debug|Any CPU.ActiveCfg = Debug|Any CPU
		{BACCCE04-EC64-434B-82E0-7E29E0DC3FF6}.Debug|Any CPU.Build.0 = Debug|Any CPU
		{BACCCE04-EC64-434B-82E0-7E29E0DC3FF6}.Debug|x64.ActiveCfg = Debug|Any CPU
		{BACCCE04-EC64-434B-82E0-7E29E0DC3FF6}.Debug|x64.Build.0 = Debug|Any CPU
		{BACCCE04-EC64-434B-82E0-7E29E0DC3FF6}.Debug|x86.ActiveCfg = Debug|Any CPU
		{BACCCE04-EC64-434B-82E0-7E29E0DC3FF6}.Debug|x86.Build.0 = Debug|Any CPU
		{BACCCE04-EC64-434B-82E0-7E29E0DC3FF6}.Release|Any CPU.ActiveCfg = Release|Any CPU
		{BACCCE04-EC64-434B-82E0-7E29E0DC3FF6}.Release|Any CPU.Build.0 = Release|Any CPU
		{BACCCE04-EC64-434B-82E0-7E29E0DC3FF6}.Release|x64.ActiveCfg = Release|Any CPU
		{BACCCE04-EC64-434B-82E0-7E29E0DC3FF6}.Release|x64.Build.0 = Release|Any CPU
		{BACCCE04-EC64-434B-82E0-7E29E0DC3FF6}.Release|x86.ActiveCfg = Release|Any CPU
		{BACCCE04-EC64-434B-82E0-7E29E0DC3FF6}.Release|x86.Build.0 = Release|Any CPU
		{914DD899-B9D1-484F-96FB-FCA389A0AC8C}.Debug|Any CPU.ActiveCfg = Debug|Any CPU
		{914DD899-B9D1-484F-96FB-FCA389A0AC8C}.Debug|Any CPU.Build.0 = Debug|Any CPU
		{914DD899-B9D1-484F-96FB-FCA389A0AC8C}.Debug|x64.ActiveCfg = Debug|Any CPU
		{914DD899-B9D1-484F-96FB-FCA389A0AC8C}.Debug|x64.Build.0 = Debug|Any CPU
		{914DD899-B9D1-484F-96FB-FCA389A0AC8C}.Debug|x86.ActiveCfg = Debug|Any CPU
		{914DD899-B9D1-484F-96FB-FCA389A0AC8C}.Debug|x86.Build.0 = Debug|Any CPU
		{914DD899-B9D1-484F-96FB-FCA389A0AC8C}.Release|Any CPU.ActiveCfg = Release|Any CPU
		{914DD899-B9D1-484F-96FB-FCA389A0AC8C}.Release|Any CPU.Build.0 = Release|Any CPU
		{914DD899-B9D1-484F-96FB-FCA389A0AC8C}.Release|x64.ActiveCfg = Release|Any CPU
		{914DD899-B9D1-484F-96FB-FCA389A0AC8C}.Release|x64.Build.0 = Release|Any CPU
		{914DD899-B9D1-484F-96FB-FCA389A0AC8C}.Release|x86.ActiveCfg = Release|Any CPU
		{914DD899-B9D1-484F-96FB-FCA389A0AC8C}.Release|x86.Build.0 = Release|Any CPU
		{0E67D4D4-9F06-46F2-9CAB-034411C8D394}.Debug|Any CPU.ActiveCfg = Debug|Any CPU
		{0E67D4D4-9F06-46F2-9CAB-034411C8D394}.Debug|Any CPU.Build.0 = Debug|Any CPU
		{0E67D4D4-9F06-46F2-9CAB-034411C8D394}.Debug|x64.ActiveCfg = Debug|Any CPU
		{0E67D4D4-9F06-46F2-9CAB-034411C8D394}.Debug|x64.Build.0 = Debug|Any CPU
		{0E67D4D4-9F06-46F2-9CAB-034411C8D394}.Debug|x86.ActiveCfg = Debug|Any CPU
		{0E67D4D4-9F06-46F2-9CAB-034411C8D394}.Debug|x86.Build.0 = Debug|Any CPU
		{0E67D4D4-9F06-46F2-9CAB-034411C8D394}.Release|Any CPU.ActiveCfg = Release|Any CPU
		{0E67D4D4-9F06-46F2-9CAB-034411C8D394}.Release|Any CPU.Build.0 = Release|Any CPU
		{0E67D4D4-9F06-46F2-9CAB-034411C8D394}.Release|x64.ActiveCfg = Release|Any CPU
		{0E67D4D4-9F06-46F2-9CAB-034411C8D394}.Release|x64.Build.0 = Release|Any CPU
		{0E67D4D4-9F06-46F2-9CAB-034411C8D394}.Release|x86.ActiveCfg = Release|Any CPU
		{0E67D4D4-9F06-46F2-9CAB-034411C8D394}.Release|x86.Build.0 = Release|Any CPU
		{88139A18-2876-40C7-AE65-7EC512C356FB}.Debug|Any CPU.ActiveCfg = Debug|Any CPU
		{88139A18-2876-40C7-AE65-7EC512C356FB}.Debug|Any CPU.Build.0 = Debug|Any CPU
		{88139A18-2876-40C7-AE65-7EC512C356FB}.Debug|x64.ActiveCfg = Debug|Any CPU
		{88139A18-2876-40C7-AE65-7EC512C356FB}.Debug|x64.Build.0 = Debug|Any CPU
		{88139A18-2876-40C7-AE65-7EC512C356FB}.Debug|x86.ActiveCfg = Debug|Any CPU
		{88139A18-2876-40C7-AE65-7EC512C356FB}.Debug|x86.Build.0 = Debug|Any CPU
		{88139A18-2876-40C7-AE65-7EC512C356FB}.Release|Any CPU.ActiveCfg = Release|Any CPU
		{88139A18-2876-40C7-AE65-7EC512C356FB}.Release|Any CPU.Build.0 = Release|Any CPU
		{88139A18-2876-40C7-AE65-7EC512C356FB}.Release|x64.ActiveCfg = Release|Any CPU
		{88139A18-2876-40C7-AE65-7EC512C356FB}.Release|x64.Build.0 = Release|Any CPU
		{88139A18-2876-40C7-AE65-7EC512C356FB}.Release|x86.ActiveCfg = Release|Any CPU
		{88139A18-2876-40C7-AE65-7EC512C356FB}.Release|x86.Build.0 = Release|Any CPU
	EndGlobalSection
EndGlobal
